#####################################################################
### Alarm Clock Sensors - these sensors can be deleted new way needs testing is all
#####################################################################
#sensor:
#  - platform: template
#    sensors:
#      alarm_clock_time:
#        friendly_name: 'Alarm Time'
#        value_template: >-
#            {{ (states('input_datetime.alarm_clock_time')) }}
### - old way            {{ "%0.02d:%0.02d" | format(states("input_number.alarm_clock_hour") | int, states("input_number.alarm_clock_minutes") | int) }}
#
#  - platform: template
#    sensors:
#      alarm_clock_snooze:
#           friendly_name: 'Snooze Time'
#           value_template: >-
#            {{ states('sensor.time') == (((state_attr('input_datetime.alarm_clock_time' , 'timestamp')) + (15 * 60))|timestamp_custom('%H:%M', false)) }}


#  - platform: template
#    sensors:
#      alarm_clock_time_minus_offset:
#           friendly_name: 'Offset Time'
#           value_template: >-
#               {{ '%0.02d:%0.02d' | format( ((((states('input_number.alarm_clock_hour') | int)*60 + (states('input_number.alarm_clock_minutes') | int) - (states('input_number.alarm_clock_offset'))| int)/60)| int),(((((((((states('input_number.alarm_clock_hour') | int)*60 + (states('input_number.alarm_clock_minutes') | int) - (states('input_number.alarm_clock_offset')) | int)/60)) - ((((states('input_number.alarm_clock_hour') | int)*60 + (states('input_number.alarm_clock_minutes') | int) - (states('input_number.alarm_clock_offset')) | int)/60)| int))*100) | int)*60/100) | round) ) }}
#
## {{ (states('input_datetime.master_bedroom_lights_turn_on_after_limit')) }}

## {{ (states('input_datetime.alarm_clock_time')) - (states('input_number.alarm_clock_offset')) }}
## "{{ (((state_attr('input_datetime.alarm_clock_time' , 'timestamp')) + (15 * 60))|timestamp_custom('%H:%M', false)) }}"

## {{ states('sensor.time') == (((state_attr('input_datetime.alarm_clock_time' , 'timestamp')) + (15 * 60))|timestamp_custom('%H:%M', false)) }}

## good testing versions here:
##  {{ states('sensor.time') == states('input_datetime.alarm_clock_time')[0:5] }}
##  {{ states('sensor.time')  }}
##  {{ states('input_datetime.alarm_clock_time')[0:5] }}

## Snooze Script
# service: input_datetime.set_datetime
# target:
#   entity_id: input_datetime.alarm_clock_time
# data:
#   time: "{{ (((state_attr('input_datetime.alarm_clock_time' , 'timestamp')) + (15 * 60))|timestamp_custom('%H:%M', false)) }}"


